
Microsoft Visual Studio Solution File, Format Version 12.00
# Visual Studio Version 17
VisualStudioVersion = 17.2.32630.192
MinimumVisualStudioVersion = 10.0.40219.1
Project("{FAE04EC0-301F-11D3-BF4B-00C04F79EFBC}") = "Linq", "Linq\Linq.csproj", "{BF2E1D0C-2DF7-43DA-AFAA-E57D2981A157}"
EndProject
Global
	GlobalSection(SolutionConfigurationPlatforms) = preSolution
		Debug|Any CPU = Debug|Any CPU
		Release|Any CPU = Release|Any CPU
	EndGlobalSection
	GlobalSection(ProjectConfigurationPlatforms) = postSolution
		{BF2E1D0C-2DF7-43DA-AFAA-E57D2981A157}.Debug|Any CPU.ActiveCfg = Debug|Any CPU
		{BF2E1D0C-2DF7-43DA-AFAA-E57D2981A157}.Debug|Any CPU.Build.0 = Debug|Any CPU
		{BF2E1D0C-2DF7-43DA-AFAA-E57D2981A157}.Release|Any CPU.ActiveCfg = Release|Any CPU
		{BF2E1D0C-2DF7-43DA-AFAA-E57D2981A157}.Release|Any CPU.Build.0 = Release|Any CPU
	EndGlobalSection
	GlobalSection(SolutionProperties) = preSolution
		HideSolutionNode = FALSE
	EndGlobalSection
	GlobalSection(ExtensibilityGlobals) = postSolution
		SolutionGuid = {D51D7A21-25DA-48F8-8A2E-A83B23A1B9DC}
	EndGlobalSection
EndGlobal
